
Microsoft Visual Studio Solution File, Format Version 12.00
# Visual Studio Version 16
VisualStudioVersion = 16.0.33423.256
MinimumVisualStudioVersion = 10.0.40219.1
Project("{FAE04EC0-301F-11D3-BF4B-00C04F79EFBC}") = "Exersize14", "Exersize14\Exersize14.csproj", "{BB5448DA-5CC1-487A-B625-5ABF52C34891}"
EndProject
Global
	GlobalSection(SolutionConfigurationPlatforms) = preSolution
		Debug|Any CPU = Debug|Any CPU
		Release|Any CPU = Release|Any CPU
	EndGlobalSection
	GlobalSection(ProjectConfigurationPlatforms) = postSolution
		{BB5448DA-5CC1-487A-B625-5ABF52C34891}.Debug|Any CPU.ActiveCfg = Debug|Any CPU
		{BB5448DA-5CC1-487A-B625-5ABF52C34891}.Debug|Any CPU.Build.0 = Debug|Any CPU
		{BB5448DA-5CC1-487A-B625-5ABF52C34891}.Release|Any CPU.ActiveCfg = Release|Any CPU
		{BB5448DA-5CC1-487A-B625-5ABF52C34891}.Release|Any CPU.Build.0 = Release|Any CPU
	EndGlobalSection
	GlobalSection(SolutionProperties) = preSolution
		HideSolutionNode = FALSE
	EndGlobalSection
	GlobalSection(ExtensibilityGlobals) = postSolution
		SolutionGuid = {D3CF6A7B-79BA-42E1-966B-7BD159C89648}
	EndGlobalSection
EndGlobal
