
Microsoft Visual Studio Solution File, Format Version 12.00
# Visual Studio Version 16
VisualStudioVersion = 16.0.33423.256
MinimumVisualStudioVersion = 10.0.40219.1
Project("{FAE04EC0-301F-11D3-BF4B-00C04F79EFBC}") = "Exercise 13", "Exercise 13\Exercise 13.csproj", "{66D62219-0BD8-418F-8BDC-32FA667FB643}"
EndProject
Global
	GlobalSection(SolutionConfigurationPlatforms) = preSolution
		Debug|Any CPU = Debug|Any CPU
		Release|Any CPU = Release|Any CPU
	EndGlobalSection
	GlobalSection(ProjectConfigurationPlatforms) = postSolution
		{66D62219-0BD8-418F-8BDC-32FA667FB643}.Debug|Any CPU.ActiveCfg = Debug|Any CPU
		{66D62219-0BD8-418F-8BDC-32FA667FB643}.Debug|Any CPU.Build.0 = Debug|Any CPU
		{66D62219-0BD8-418F-8BDC-32FA667FB643}.Release|Any CPU.ActiveCfg = Release|Any CPU
		{66D62219-0BD8-418F-8BDC-32FA667FB643}.Release|Any CPU.Build.0 = Release|Any CPU
	EndGlobalSection
	GlobalSection(SolutionProperties) = preSolution
		HideSolutionNode = FALSE
	EndGlobalSection
	GlobalSection(ExtensibilityGlobals) = postSolution
		SolutionGuid = {5172C1D5-A47B-46A0-B601-E616B9F895C4}
	EndGlobalSection
EndGlobal
