
Microsoft Visual Studio Solution File, Format Version 12.00
# Visual Studio Version 16
VisualStudioVersion = 16.0.33423.256
MinimumVisualStudioVersion = 10.0.40219.1
Project("{FAE04EC0-301F-11D3-BF4B-00C04F79EFBC}") = "Exercise 1", "Exercise 1\Exercise 1.csproj", "{47B22FE5-501F-4976-9DA0-85643343F824}"
EndProject
Global
	GlobalSection(SolutionConfigurationPlatforms) = preSolution
		Debug|Any CPU = Debug|Any CPU
		Release|Any CPU = Release|Any CPU
	EndGlobalSection
	GlobalSection(ProjectConfigurationPlatforms) = postSolution
		{47B22FE5-501F-4976-9DA0-85643343F824}.Debug|Any CPU.ActiveCfg = Debug|Any CPU
		{47B22FE5-501F-4976-9DA0-85643343F824}.Debug|Any CPU.Build.0 = Debug|Any CPU
		{47B22FE5-501F-4976-9DA0-85643343F824}.Release|Any CPU.ActiveCfg = Release|Any CPU
		{47B22FE5-501F-4976-9DA0-85643343F824}.Release|Any CPU.Build.0 = Release|Any CPU
	EndGlobalSection
	GlobalSection(SolutionProperties) = preSolution
		HideSolutionNode = FALSE
	EndGlobalSection
	GlobalSection(ExtensibilityGlobals) = postSolution
		SolutionGuid = {927BA0E6-D3D0-4786-8515-CC0160D43CE7}
	EndGlobalSection
EndGlobal
