
Microsoft Visual Studio Solution File, Format Version 12.00
# Visual Studio Version 16
VisualStudioVersion = 16.0.33423.256
MinimumVisualStudioVersion = 10.0.40219.1
Project("{FAE04EC0-301F-11D3-BF4B-00C04F79EFBC}") = "Exercise12", "Exercise12\Exercise12.csproj", "{0D24EE00-E078-4B7C-B38A-8C4440C42F21}"
EndProject
Global
	GlobalSection(SolutionConfigurationPlatforms) = preSolution
		Debug|Any CPU = Debug|Any CPU
		Release|Any CPU = Release|Any CPU
	EndGlobalSection
	GlobalSection(ProjectConfigurationPlatforms) = postSolution
		{0D24EE00-E078-4B7C-B38A-8C4440C42F21}.Debug|Any CPU.ActiveCfg = Debug|Any CPU
		{0D24EE00-E078-4B7C-B38A-8C4440C42F21}.Debug|Any CPU.Build.0 = Debug|Any CPU
		{0D24EE00-E078-4B7C-B38A-8C4440C42F21}.Release|Any CPU.ActiveCfg = Release|Any CPU
		{0D24EE00-E078-4B7C-B38A-8C4440C42F21}.Release|Any CPU.Build.0 = Release|Any CPU
	EndGlobalSection
	GlobalSection(SolutionProperties) = preSolution
		HideSolutionNode = FALSE
	EndGlobalSection
	GlobalSection(ExtensibilityGlobals) = postSolution
		SolutionGuid = {390F1DFC-0973-4394-B294-535E8B31B53A}
	EndGlobalSection
EndGlobal
