
Microsoft Visual Studio Solution File, Format Version 12.00
# Visual Studio Version 16
VisualStudioVersion = 16.0.33328.57
MinimumVisualStudioVersion = 10.0.40219.1
Project("{FAE04EC0-301F-11D3-BF4B-00C04F79EFBC}") = "3rd question", "3rd question\3rd question.csproj", "{3553B38B-2E1A-42E3-9C11-28B937643BAA}"
EndProject
Global
	GlobalSection(SolutionConfigurationPlatforms) = preSolution
		Debug|Any CPU = Debug|Any CPU
		Release|Any CPU = Release|Any CPU
	EndGlobalSection
	GlobalSection(ProjectConfigurationPlatforms) = postSolution
		{3553B38B-2E1A-42E3-9C11-28B937643BAA}.Debug|Any CPU.ActiveCfg = Debug|Any CPU
		{3553B38B-2E1A-42E3-9C11-28B937643BAA}.Debug|Any CPU.Build.0 = Debug|Any CPU
		{3553B38B-2E1A-42E3-9C11-28B937643BAA}.Release|Any CPU.ActiveCfg = Release|Any CPU
		{3553B38B-2E1A-42E3-9C11-28B937643BAA}.Release|Any CPU.Build.0 = Release|Any CPU
	EndGlobalSection
	GlobalSection(SolutionProperties) = preSolution
		HideSolutionNode = FALSE
	EndGlobalSection
	GlobalSection(ExtensibilityGlobals) = postSolution
		SolutionGuid = {368CBE13-2B4C-42DC-8497-209EB2921C7E}
	EndGlobalSection
EndGlobal
